
Microsoft Visual Studio Solution File, Format Version 12.00
# Visual Studio 14
VisualStudioVersion = 14.0.24720.0
MinimumVisualStudioVersion = 10.0.40219.1
Project("{FAE04EC0-301F-11D3-BF4B-00C04F79EFBC}") = "Game777", "Game777\Game777.csproj", "{88A103FB-089E-41E2-B6F1-BC8D1863D818}"
EndProject
Project("{2150E333-8FDC-42A3-9474-1A3956D46DE8}") = "Solution Items", "Solution Items", "{3927CADE-C20B-40D6-A19F-90EAE5CFF9E3}"
EndProject
Global
	GlobalSection(SolutionConfigurationPlatforms) = preSolution
		Debug|Any CPU = Debug|Any CPU
		Release|Any CPU = Release|Any CPU
	EndGlobalSection
	GlobalSection(ProjectConfigurationPlatforms) = postSolution
		{88A103FB-089E-41E2-B6F1-BC8D1863D818}.Debug|Any CPU.ActiveCfg = Debug|Any CPU
		{88A103FB-089E-41E2-B6F1-BC8D1863D818}.Debug|Any CPU.Build.0 = Debug|Any CPU
		{88A103FB-089E-41E2-B6F1-BC8D1863D818}.Release|Any CPU.ActiveCfg = Release|Any CPU
		{88A103FB-089E-41E2-B6F1-BC8D1863D818}.Release|Any CPU.Build.0 = Release|Any CPU
	EndGlobalSection
	GlobalSection(SolutionProperties) = preSolution
		HideSolutionNode = FALSE
	EndGlobalSection
	GlobalSection(ExtensibilityGlobals) = postSolution
		SolutionGuid = {9557BB0E-E2E6-4B11-99D4-79A4CDCEE71C}
	EndGlobalSection
EndGlobal
